// !$*UTF8*$!
{
	archiveVersion = 1;
	classes = {
	};
	objectVersion = 46;
	objects = {

/* Begin PBXBuildFile section */
		60C7D8D118DCB1BF00215706 /* Foundation.framework in Frameworks */ = {isa = PBXBuildFile; fileRef = 60C7D8D018DCB1BF00215706 /* Foundation.framework */; };
		60C7D8D318DCB1BF00215706 /* CoreGraphics.framework in Frameworks */ = {isa = PBXBuildFile; fileRef = 60C7D8D218DCB1BF00215706 /* CoreGraphics.framework */; };
		60C7D8D518DCB1BF00215706 /* UIKit.framework in Frameworks */ = {isa = PBXBuildFile; fileRef = 60C7D8D418DCB1BF00215706 /* UIKit.framework */; };
		60C7D8DB18DCB1BF00215706 /* InfoPlist.strings in Resources */ = {isa = PBXBuildFile; fileRef = 60C7D8D918DCB1BF00215706 /* InfoPlist.strings */; };
		60C7D8DD18DCB1BF00215706 /* main.m in Sources */ = {isa = PBXBuildFile; fileRef = 60C7D8DC18DCB1BF00215706 /* main.m */; };
		60C7D8E118DCB1BF00215706 /* XYZAppDelegate.m in Sources */ = {isa = PBXBuildFile; fileRef = 60C7D8E018DCB1BF00215706 /* XYZAppDelegate.m */; };
		60C7D8E418DCB1BF00215706 /* Main.storyboard in Resources */ = {isa = PBXBuildFile; fileRef = 60C7D8E218DCB1BF00215706 /* Main.storyboard */; };
		60C7D8E718DCB1BF00215706 /* XYZViewController.m in Sources */ = {isa = PBXBuildFile; fileRef = 60C7D8E618DCB1BF00215706 /* XYZViewController.m */; };
		60C7D8E918DCB1BF00215706 /* Images.xcassets in Resources */ = {isa = PBXBuildFile; fileRef = 60C7D8E818DCB1BF00215706 /* Images.xcassets */; };
		60C7D8F018DCB1C000215706 /* XCTest.framework in Frameworks */ = {isa = PBXBuildFile; fileRef = 60C7D8EF18DCB1C000215706 /* XCTest.framework */; };
		60C7D8F118DCB1C000215706 /* Foundation.framework in Frameworks */ = {isa = PBXBuildFile; fileRef = 60C7D8D018DCB1BF00215706 /* Foundation.framework */; };
		60C7D8F218DCB1C000215706 /* UIKit.framework in Frameworks */ = {isa = PBXBuildFile; fileRef = 60C7D8D418DCB1BF00215706 /* UIKit.framework */; };
		60C7D8FA18DCB1C000215706 /* InfoPlist.strings in Resources */ = {isa = PBXBuildFile; fileRef = 60C7D8F818DCB1C000215706 /* InfoPlist.strings */; };
		60C7D8FC18DCB1C000215706 /* HelloWorldTests.m in Sources */ = {isa = PBXBuildFile; fileRef = 60C7D8FB18DCB1C000215706 /* HelloWorldTests.m */; };
/* End PBXBuildFile section */

/* Begin PBXContainerItemProxy section */
		60C7D8F318DCB1C000215706 /* PBXContainerItemProxy */ = {
			isa = PBXContainerItemProxy;
			containerPortal = 60C7D8C518DCB1BF00215706 /* Project object */;
			proxyType = 1;
			remoteGlobalIDString = 60C7D8CC18DCB1BF00215706;
			remoteInfo = HelloWorld;
		};
/* End PBXContainerItemProxy section */

/* Begin PBXFileReference section */
		60C7D8CD18DCB1BF00215706 /* HelloWorld.app */ = {isa = PBXFileReference; explicitFileType = wrapper.application; includeInIndex = 0; path = HelloWorld.app; sourceTree = BUILT_PRODUCTS_DIR; };
		60C7D8D018DCB1BF00215706 /* Foundation.framework */ = {isa = PBXFileReference; lastKnownFileType = wrapper.framework; name = Foundation.framework; path = System/Library/Frameworks/Foundation.framework; sourceTree = SDKROOT; };
		60C7D8D218DCB1BF00215706 /* CoreGraphics.framework */ = {isa = PBXFileReference; lastKnownFileType = wrapper.framework; name = CoreGraphics.framework; path = System/Library/Frameworks/CoreGraphics.framework; sourceTree = SDKROOT; };
		60C7D8D418DCB1BF00215706 /* UIKit.framework */ = {isa = PBXFileReference; lastKnownFileType = wrapper.framework; name = UIKit.framework; path = System/Library/Frameworks/UIKit.framework; sourceTree = SDKROOT; };
		60C7D8D818DCB1BF00215706 /* HelloWorld-Info.plist */ = {isa = PBXFileReference; lastKnownFileType = text.plist.xml; path = "HelloWorld-Info.plist"; sourceTree = "<group>"; };
		60C7D8DA18DCB1BF00215706 /* en */ = {isa = PBXFileReference; lastKnownFileType = text.plist.strings; name = en; path = en.lproj/InfoPlist.strings; sourceTree = "<group>"; };
		60C7D8DC18DCB1BF00215706 /* main.m */ = {isa = PBXFileReference; lastKnownFileType = sourcecode.c.objc; path = main.m; sourceTree = "<group>"; };
		60C7D8DE18DCB1BF00215706 /* HelloWorld-Prefix.pch */ = {isa = PBXFileReference; lastKnownFileType = sourcecode.c.h; path = "HelloWorld-Prefix.pch"; sourceTree = "<group>"; };
		60C7D8DF18DCB1BF00215706 /* XYZAppDelegate.h */ = {isa = PBXFileReference; lastKnownFileType = sourcecode.c.h; path = XYZAppDelegate.h; sourceTree = "<group>"; };
		60C7D8E018DCB1BF00215706 /* XYZAppDelegate.m */ = {isa = PBXFileReference; lastKnownFileType = sourcecode.c.objc; path = XYZAppDelegate.m; sourceTree = "<group>"; };
		60C7D8E318DCB1BF00215706 /* Base */ = {isa = PBXFileReference; lastKnownFileType = file.storyboard; name = Base; path = Base.lproj/Main.storyboard; sourceTree = "<group>"; };
		60C7D8E518DCB1BF00215706 /* XYZViewController.h */ = {isa = PBXFileReference; lastKnownFileType = sourcecode.c.h; path = XYZViewController.h; sourceTree = "<group>"; };
		60C7D8E618DCB1BF00215706 /* XYZViewController.m */ = {isa = PBXFileReference; lastKnownFileType = sourcecode.c.objc; path = XYZViewController.m; sourceTree = "<group>"; };
		60C7D8E818DCB1BF00215706 /* Images.xcassets */ = {isa = PBXFileReference; lastKnownFileType = folder.assetcatalog; path = Images.xcassets; sourceTree = "<group>"; };
		60C7D8EE18DCB1C000215706 /* HelloWorldTests.xctest */ = {isa = PBXFileReference; explicitFileType = wrapper.cfbundle; includeInIndex = 0; path = HelloWorldTests.xctest; sourceTree = BUILT_PRODUCTS_DIR; };
		60C7D8EF18DCB1C000215706 /* XCTest.framework */ = {isa = PBXFileReference; lastKnownFileType = wrapper.framework; name = XCTest.framework; path = Library/Frameworks/XCTest.framework; sourceTree = DEVELOPER_DIR; };
		60C7D8F718DCB1C000215706 /* HelloWorldTests-Info.plist */ = {isa = PBXFileReference; lastKnownFileType = text.plist.xml; path = "HelloWorldTests-Info.plist"; sourceTree = "<group>"; };
		60C7D8F918DCB1C000215706 /* en */ = {isa = PBXFileReference; lastKnownFileType = text.plist.strings; name = en; path = en.lproj/InfoPlist.strings; sourceTree = "<group>"; };
		60C7D8FB18DCB1C000215706 /* HelloWorldTests.m */ = {isa = PBXFileReference; lastKnownFileType = sourcecode.c.objc; path = HelloWorldTests.m; sourceTree = "<group>"; };
/* End PBXFileReference section */

/* Begin PBXFrameworksBuildPhase section */
		60C7D8CA18DCB1BF00215706 /* Frameworks */ = {
			isa = PBXFrameworksBuildPhase;
			buildActionMask = 2147483647;
			files = (
				60C7D8D318DCB1BF00215706 /* CoreGraphics.framework in Frameworks */,
				60C7D8D518DCB1BF00215706 /* UIKit.framework in Frameworks */,
				60C7D8D118DCB1BF00215706 /* Foundation.framework in Frameworks */,
			);
			runOnlyForDeploymentPostprocessing = 0;
		};
		60C7D8EB18DCB1C000215706 /* Frameworks */ = {
			isa = PBXFrameworksBuildPhase;
			buildActionMask = 2147483647;
			files = (
				60C7D8F018DCB1C000215706 /* XCTest.framework in Frameworks */,
				60C7D8F218DCB1C000215706 /* UIKit.framework in Frameworks */,
				60C7D8F118DCB1C000215706 /* Foundation.framework in Frameworks */,
			);
			runOnlyForDeploymentPostprocessing = 0;
		};
/* End PBXFrameworksBuildPhase section */

/* Begin PBXGroup section */
		60C7D8C418DCB1BF00215706 = {
			isa = PBXGroup;
			children = (
				60C7D8D618DCB1BF00215706 /* HelloWorld */,
				60C7D8F518DCB1C000215706 /* HelloWorldTests */,
				60C7D8CF18DCB1BF00215706 /* Frameworks */,
				60C7D8CE18DCB1BF00215706 /* Products */,
			);
			sourceTree = "<group>";
		};
		60C7D8CE18DCB1BF00215706 /* Products */ = {
			isa = PBXGroup;
			children = (
				60C7D8CD18DCB1BF00215706 /* HelloWorld.app */,
				60C7D8EE18DCB1C000215706 /* HelloWorldTests.xctest */,
			);
			name = Products;
			sourceTree = "<group>";
		};
		60C7D8CF18DCB1BF00215706 /* Frameworks */ = {
			isa = PBXGroup;
			children = (
				60C7D8D018DCB1BF00215706 /* Foundation.framework */,
				60C7D8D218DCB1BF00215706 /* CoreGraphics.framework */,
				60C7D8D418DCB1BF00215706 /* UIKit.framework */,
				60C7D8EF18DCB1C000215706 /* XCTest.framework */,
			);
			name = Frameworks;
			sourceTree = "<group>";
		};
		60C7D8D618DCB1BF00215706 /* HelloWorld */ = {
			isa = PBXGroup;
			children = (
				60C7D8DF18DCB1BF00215706 /* XYZAppDelegate.h */,
				60C7D8E018DCB1BF00215706 /* XYZAppDelegate.m */,
				60C7D8E218DCB1BF00215706 /* Main.storyboard */,
				60C7D8E518DCB1BF00215706 /* XYZViewController.h */,
				60C7D8E618DCB1BF00215706 /* XYZViewController.m */,
				60C7D8E818DCB1BF00215706 /* Images.xcassets */,
				60C7D8D718DCB1BF00215706 /* Supporting Files */,
			);
			path = HelloWorld;
			sourceTree = "<group>";
		};
		60C7D8D718DCB1BF00215706 /* Supporting Files */ = {
			isa = PBXGroup;
			children = (
				60C7D8D818DCB1BF00215706 /* HelloWorld-Info.plist */,
				60C7D8D918DCB1BF00215706 /* InfoPlist.strings */,
				60C7D8DC18DCB1BF00215706 /* main.m */,
				60C7D8DE18DCB1BF00215706 /* HelloWorld-Prefix.pch */,
			);
			name = "Supporting Files";
			sourceTree = "<group>";
		};
		60C7D8F518DCB1C000215706 /* HelloWorldTests */ = {
			isa = PBXGroup;
			children = (
				60C7D8FB18DCB1C000215706 /* HelloWorldTests.m */,
				60C7D8F618DCB1C000215706 /* Supporting Files */,
			);
			path = HelloWorldTests;
			sourceTree = "<group>";
		};
		60C7D8F618DCB1C000215706 /* Supporting Files */ = {
			isa = PBXGroup;
			children = (
				60C7D8F718DCB1C000215706 /* HelloWorldTests-Info.plist */,
				60C7D8F818DCB1C000215706 /* InfoPlist.strings */,
			);
			name = "Supporting Files";
			sourceTree = "<group>";
		};
/* End PBXGroup section */

/* Begin PBXNativeTarget section */
		60C7D8CC18DCB1BF00215706 /* HelloWorld */ = {
			isa = PBXNativeTarget;
			buildConfigurationList = 60C7D8FF18DCB1C000215706 /* Build configuration list for PBXNativeTarget "HelloWorld" */;
			buildPhases = (
				60C7D8C918DCB1BF00215706 /* Sources */,
				60C7D8CA18DCB1BF00215706 /* Frameworks */,
				60C7D8CB18DCB1BF00215706 /* Resources */,
			);
			buildRules = (
			);
			dependencies = (
			);
			name = HelloWorld;
			productName = HelloWorld;
			productReference = 60C7D8CD18DCB1BF00215706 /* HelloWorld.app */;
			productType = "com.apple.product-type.application";
		};
		60C7D8ED18DCB1C000215706 /* HelloWorldTests */ = {
			isa = PBXNativeTarget;
			buildConfigurationList = 60C7D90218DCB1C000215706 /* Build configuration list for PBXNativeTarget "HelloWorldTests" */;
			buildPhases = (
				60C7D8EA18DCB1C000215706 /* Sources */,
				60C7D8EB18DCB1C000215706 /* Frameworks */,
				60C7D8EC18DCB1C000215706 /* Resources */,
			);
			buildRules = (
			);
			dependencies = (
				60C7D8F418DCB1C000215706 /* PBXTargetDependency */,
			);
			name = HelloWorldTests;
			productName = HelloWorldTests;
			productReference = 60C7D8EE18DCB1C000215706 /* HelloWorldTests.xctest */;
			productType = "com.apple.product-type.bundle.unit-test";
		};
/* End PBXNativeTarget section */

/* Begin PBXProject section */
		60C7D8C518DCB1BF00215706 /* Project object */ = {
			isa = PBXProject;
			attributes = {
				CLASSPREFIX = XYZ;
				LastUpgradeCheck = 0510;
				ORGANIZATIONNAME = hostell6;
				TargetAttributes = {
					60C7D8ED18DCB1C000215706 = {
						TestTargetID = 60C7D8CC18DCB1BF00215706;
					};
				};
			};
			buildConfigurationList = 60C7D8C818DCB1BF00215706 /* Build configuration list for PBXProject "HelloWorld" */;
			compatibilityVersion = "Xcode 3.2";
			developmentRegion = English;
			hasScannedForEncodings = 0;
			knownRegions = (
				en,
				Base,
			);
			mainGroup = 60C7D8C418DCB1BF00215706;
			productRefGroup = 60C7D8CE18DCB1BF00215706 /* Products */;
			projectDirPath = "";
			projectRoot = "";
			targets = (
				60C7D8CC18DCB1BF00215706 /* HelloWorld */,
				60C7D8ED18DCB1C000215706 /* HelloWorldTests */,
			);
		};
/* End PBXProject section */

/* Begin PBXResourcesBuildPhase section */
		60C7D8CB18DCB1BF00215706 /* Resources */ = {
			isa = PBXResourcesBuildPhase;
			buildActionMask = 2147483647;
			files = (
				60C7D8E918DCB1BF00215706 /* Images.xcassets in Resources */,
				60C7D8DB18DCB1BF00215706 /* InfoPlist.strings in Resources */,
				60C7D8E418DCB1BF00215706 /* Main.storyboard in Resources */,
			);
			runOnlyForDeploymentPostprocessing = 0;
		};
		60C7D8EC18DCB1C000215706 /* Resources */ = {
			isa = PBXResourcesBuildPhase;
			buildActionMask = 2147483647;
			files = (
				60C7D8FA18DCB1C000215706 /* InfoPlist.strings in Resources */,
			);
			runOnlyForDeploymentPostprocessing = 0;
		};
/* End PBXResourcesBuildPhase section */

/* Begin PBXSourcesBuildPhase section */
		60C7D8C918DCB1BF00215706 /* Sources */ = {
			isa = PBXSourcesBuildPhase;
			buildActionMask = 2147483647;
			files = (
				60C7D8E718DCB1BF00215706 /* XYZViewController.m in Sources */,
				60C7D8E118DCB1BF00215706 /* XYZAppDelegate.m in Sources */,
				60C7D8DD18DCB1BF00215706 /* main.m in Sources */,
			);
			runOnlyForDeploymentPostprocessing = 0;
		};
		60C7D8EA18DCB1C000215706 /* Sources */ = {
			isa = PBXSourcesBuildPhase;
			buildActionMask = 2147483647;
			files = (
				60C7D8FC18DCB1C000215706 /* HelloWorldTests.m in Sources */,
			);
			runOnlyForDeploymentPostprocessing = 0;
		};
/* End PBXSourcesBuildPhase section */

/* Begin PBXTargetDependency section */
		60C7D8F418DCB1C000215706 /* PBXTargetDependency */ = {
			isa = PBXTargetDependency;
			target = 60C7D8CC18DCB1BF00215706 /* HelloWorld */;
			targetProxy = 60C7D8F318DCB1C000215706 /* PBXContainerItemProxy */;
		};
/* End PBXTargetDependency section */

/* Begin PBXVariantGroup section */
		60C7D8D918DCB1BF00215706 /* InfoPlist.strings */ = {
			isa = PBXVariantGroup;
			children = (
				60C7D8DA18DCB1BF00215706 /* en */,
			);
			name = InfoPlist.strings;
			sourceTree = "<group>";
		};
		60C7D8E218DCB1BF00215706 /* Main.storyboard */ = {
			isa = PBXVariantGroup;
			children = (
				60C7D8E318DCB1BF00215706 /* Base */,
			);
			name = Main.storyboard;
			sourceTree = "<group>";
		};
		60C7D8F818DCB1C000215706 /* InfoPlist.strings */ = {
			isa = PBXVariantGroup;
			children = (
				60C7D8F918DCB1C000215706 /* en */,
			);
			name = InfoPlist.strings;
			sourceTree = "<group>";
		};
/* End PBXVariantGroup section */

/* Begin XCBuildConfiguration section */
		60C7D8FD18DCB1C000215706 /* Debug */ = {
			isa = XCBuildConfiguration;
			buildSettings = {
				ALWAYS_SEARCH_USER_PATHS = NO;
				CLANG_CXX_LANGUAGE_STANDARD = "gnu++0x";
				CLANG_CXX_LIBRARY = "libc++";
				CLANG_ENABLE_MODULES = YES;
				CLANG_ENABLE_OBJC_ARC = YES;
				CLANG_WARN_BOOL_CONVERSION = YES;
				CLANG_WARN_CONSTANT_CONVERSION = YES;
				CLANG_WARN_DIRECT_OBJC_ISA_USAGE = YES_ERROR;
				CLANG_WARN_EMPTY_BODY = YES;
				CLANG_WARN_ENUM_CONVERSION = YES;
				CLANG_WARN_INT_CONVERSION = YES;
				CLANG_WARN_OBJC_ROOT_CLASS = YES_ERROR;
				CLANG_WARN__DUPLICATE_METHOD_MATCH = YES;
				"CODE_SIGN_IDENTITY[sdk=iphoneos*]" = "iPhone Developer";
				COPY_PHASE_STRIP = NO;
				GCC_C_LANGUAGE_STANDARD = gnu99;
				GCC_DYNAMIC_NO_PIC = NO;
				GCC_OPTIMIZATION_LEVEL = 0;
				GCC_PREPROCESSOR_DEFINITIONS = (
					"DEBUG=1",
					"$(inherited)",
				);
				GCC_SYMBOLS_PRIVATE_EXTERN = NO;
				GCC_WARN_64_TO_32_BIT_CONVERSION = YES;
				GCC_WARN_ABOUT_RETURN_TYPE = YES_ERROR;
				GCC_WARN_UNDECLARED_SELECTOR = YES;
				GCC_WARN_UNINITIALIZED_AUTOS = YES_AGGRESSIVE;
				GCC_WARN_UNUSED_FUNCTION = YES;
				GCC_WARN_UNUSED_VARIABLE = YES;
				IPHONEOS_DEPLOYMENT_TARGET = 7.1;
				ONLY_ACTIVE_ARCH = YES;
				SDKROOT = iphoneos;
			};
			name = Debug;
		};
		60C7D8FE18DCB1C000215706 /* Release */ = {
			isa = XCBuildConfiguration;
			buildSettings = {
				ALWAYS_SEARCH_USER_PATHS = NO;
				CLANG_CXX_LANGUAGE_STANDARD = "gnu++0x";
				CLANG_CXX_LIBRARY = "libc++";
				CLANG_ENABLE_MODULES = YES;
				CLANG_ENABLE_OBJC_ARC = YES;
				CLANG_WARN_BOOL_CONVERSION = YES;
				CLANG_WARN_CONSTANT_CONVERSION = YES;
				CLANG_WARN_DIRECT_OBJC_ISA_USAGE = YES_ERROR;
				CLANG_WARN_EMPTY_BODY = YES;
				CLANG_WARN_ENUM_CONVERSION = YES;
				CLANG_WARN_INT_CONVERSION = YES;
				CLANG_WARN_OBJC_ROOT_CLASS = YES_ERROR;
				CLANG_WARN__DUPLICATE_METHOD_MATCH = YES;
				"CODE_SIGN_IDENTITY[sdk=iphoneos*]" = "iPhone Developer";
				COPY_PHASE_STRIP = YES;
				ENABLE_NS_ASSERTIONS = NO;
				GCC_C_LANGUAGE_STANDARD = gnu99;
				GCC_WARN_64_TO_32_BIT_CONVERSION = YES;
				GCC_WARN_ABOUT_RETURN_TYPE = YES_ERROR;
				GCC_WARN_UNDECLARED_SELECTOR = YES;
				GCC_WARN_UNINITIALIZED_AUTOS = YES_AGGRESSIVE;
				GCC_WARN_UNUSED_FUNCTION = YES;
				GCC_WARN_UNUSED_VARIABLE = YES;
				IPHONEOS_DEPLOYMENT_TARGET = 7.1;
				SDKROOT = iphoneos;
				VALIDATE_PRODUCT = YES;
			};
			name = Release;
		};
		60C7D90018DCB1C000215706 /* Debug */ = {
			isa = XCBuildConfiguration;
			buildSettings = {
				ASSETCATALOG_COMPILER_APPICON_NAME = AppIcon;
				ASSETCATALOG_COMPILER_LAUNCHIMAGE_NAME = LaunchImage;
				GCC_PRECOMPILE_PREFIX_HEADER = YES;
				GCC_PREFIX_HEADER = "HelloWorld/HelloWorld-Prefix.pch";
				INFOPLIST_FILE = "HelloWorld/HelloWorld-Info.plist";
				PRODUCT_NAME = "$(TARGET_NAME)";
				WRAPPER_EXTENSION = app;
			};
			name = Debug;
		};
		60C7D90118DCB1C000215706 /* Release */ = {
			isa = XCBuildConfiguration;
			buildSettings = {
				ASSETCATALOG_COMPILER_APPICON_NAME = AppIcon;
				ASSETCATALOG_COMPILER_LAUNCHIMAGE_NAME = LaunchImage;
				GCC_PRECOMPILE_PREFIX_HEADER = YES;
				GCC_PREFIX_HEADER = "HelloWorld/HelloWorld-Prefix.pch";
				INFOPLIST_FILE = "HelloWorld/HelloWorld-Info.plist";
				PRODUCT_NAME = "$(TARGET_NAME)";
				WRAPPER_EXTENSION = app;
			};
			name = Release;
		};
		60C7D90318DCB1C000215706 /* Debug */ = {
			isa = XCBuildConfiguration;
			buildSettings = {
				BUNDLE_LOADER = "$(BUILT_PRODUCTS_DIR)/HelloWorld.app/HelloWorld";
				FRAMEWORK_SEARCH_PATHS = (
					"$(SDKROOT)/Developer/Library/Frameworks",
					"$(inherited)",
					"$(DEVELOPER_FRAMEWORKS_DIR)",
				);
				GCC_PRECOMPILE_PREFIX_HEADER = YES;
				GCC_PREFIX_HEADER = "HelloWorld/HelloWorld-Prefix.pch";
				GCC_PREPROCESSOR_DEFINITIONS = (
					"DEBUG=1",
					"$(inherited)",
				);
				INFOPLIST_FILE = "HelloWorldTests/HelloWorldTests-Info.plist";
				PRODUCT_NAME = "$(TARGET_NAME)";
				TEST_HOST = "$(BUNDLE_LOADER)";
				WRAPPER_EXTENSION = xctest;
			};
			name = Debug;
		};
		60C7D90418DCB1C000215706 /* Release */ = {
			isa = XCBuildConfiguration;
			buildSettings = {
				BUNDLE_LOADER = "$(BUILT_PRODUCTS_DIR)/HelloWorld.app/HelloWorld";
				FRAMEWORK_SEARCH_PATHS = (
					"$(SDKROOT)/Developer/Library/Frameworks",
					"$(inherited)",
					"$(DEVELOPER_FRAMEWORKS_DIR)",
				);
				GCC_PRECOMPILE_PREFIX_HEADER = YES;
				GCC_PREFIX_HEADER = "HelloWorld/HelloWorld-Prefix.pch";
				INFOPLIST_FILE = "HelloWorldTests/HelloWorldTests-Info.plist";
				PRODUCT_NAME = "$(TARGET_NAME)";
				TEST_HOST = "$(BUNDLE_LOADER)";
				WRAPPER_EXTENSION = xctest;
			};
			name = Release;
		};
/* End XCBuildConfiguration section */

/* Begin XCConfigurationList section */
		60C7D8C818DCB1BF00215706 /* Build configuration list for PBXProject "HelloWorld" */ = {
			isa = XCConfigurationList;
			buildConfigurations = (
				60C7D8FD18DCB1C000215706 /* Debug */,
				60C7D8FE18DCB1C000215706 /* Release */,
			);
			defaultConfigurationIsVisible = 0;
			defaultConfigurationName = Release;
		};
		60C7D8FF18DCB1C000215706 /* Build configuration list for PBXNativeTarget "HelloWorld" */ = {
			isa = XCConfigurationList;
			buildConfigurations = (
				60C7D90018DCB1C000215706 /* Debug */,
				60C7D90118DCB1C000215706 /* Release */,
			);
			defaultConfigurationIsVisible = 0;
		};
		60C7D90218DCB1C000215706 /* Build configuration list for PBXNativeTarget "HelloWorldTests" */ = {
			isa = XCConfigurationList;
			buildConfigurations = (
				60C7D90318DCB1C000215706 /* Debug */,
				60C7D90418DCB1C000215706 /* Release */,
			);
			defaultConfigurationIsVisible = 0;
		};
/* End XCConfigurationList section */
	};
	rootObject = 60C7D8C518DCB1BF00215706 /* Project object */;
}
